github.com/go-gl/example v0.0.0-20220216040751-d71b0d9f823d h1:PcSiyEVTFlK1iufVggmcUazkjl09Cv6sPY5BAasmH4M=
github.com/go-gl/example v0.0.0-20220216040751-d71b0d9f823d/go.mod h1:cBttVGsmuCXhIDJbxzGNbjTpE6LRu/QtFV2wlCP43Yk=
github.com/go-gl/gl v0.0.0-20210426225639-a3bfa832c8aa/go.mod h1:wjpnOv6ONl2SuJSxqCPVaPZibGFdSci9HFocT9qtVYM=
github.com/go-gl/gl v0.0.0-20211210172815-726fda9656d6 h1:zDw5v7qm4yH7N8C8uWd+8Ii9rROdgWxQuGoJ9WDXxfk=
github.com/go-gl/gl v0.0.0-20211210172815-726fda9656d6/go.mod h1:9YTyiznxEY1fVinfM7RvRcjRHbw2xLBJ3AAGIT0I4Nw=
github.com/go-gl/glfw v0.0.0-20221017161538-93cebf72946b h1:2hdUMUOJuLQkhaPAwoyOeSzoaBydYEkXkBEuqDuDBfg=
github.com/go-gl/glfw v0.0.0-20221017161538-93cebf72946b/go.mod h1:wyvWpaEu9B/VQiV1jsPs7Mha9I7yto/HqIBw197ZAzk=
github.com/go-gl/glfw/v3.3/glfw v0.0.0-20210410170116-ea3d685f79fb/go.mod h1:tQ2UAYgL5IevRw8kRxooKSPJfGvJ9fJQFa0TUsXzTg8=
github.com/go-gl/glfw/v3.3/glfw v0.0.0-20221017161538-93cebf72946b h1:GgabKamyOYguHqHjSkDACcgoPIz3w0Dis/zJ1wyHHHU=
github.com/go-gl/glfw/v3.3/glfw v0.0.0-20221017161538-93cebf72946b/go.mod h1:tQ2UAYgL5IevRw8kRxooKSPJfGvJ9fJQFa0TUsXzTg8=
github.com/go-gl/mathgl v1.0.0 h1:t9DznWJlXxxjeeKLIdovCOVJQk/GzDEL7h/h+Ro2B68=
github.com/go-gl/mathgl v1.0.0/go.mod h1:yhpkQzEiH9yPyxDUGzkmgScbaBVlhC06qodikEM0ZwQ=
github.com/golang/freetype v0.0.0-20170609003504-e2365dfdc4a0 h1:DACJavvAHhabrF08vX0COfcOBJRhZ8lUbR+ZWIs0Y5g=
github.com/golang/freetype v0.0.0-20170609003504-e2365dfdc4a0/go.mod h1:E/TSTwGwJL78qG/PmXZO1EjYhfJinVAhrmmHX6Z8B9k=
github.com/raedatoui/assimp v0.0.0-20190122210933-1ba60cf453f0 h1:7VCUPkYmGqgVtBZ2WAvItpIkU0CC95uOScRyyeIQImg=
github.com/raedatoui/assimp v0.0.0-20190122210933-1ba60cf453f0/go.mod h1:8Tci3cTGEtasIJv66Uttjd89AuIg9ip3DIXRp3MV96s=
github.com/raedatoui/glfont v0.0.0-20170222065528-7836ad146bb6 h1:P5EofaAHM43PhQO/TPywt1I0FSVHvV61UqFxyHjby1c=
github.com/raedatoui/glfont v0.0.0-20170222065528-7836ad146bb6/go.mod h1:vggl4TanyONXtf0+FpUYnhOSDqOYL3wZud/W1DU0O2U=
github.com/raedatoui/glutils v0.0.0-20180204223817-7cd8d44edb49 h1:sPVGSTf6anDekKlx35BMpiBg5WbFS2ZECPcJdPokP9w=
github.com/raedatoui/glutils v0.0.0-20180204223817-7cd8d44edb49/go.mod h1:0AcD69qNZNpj6N4Hk36tTrFwj80XS257dcu08wfbxbw=
github.com/raedatoui/learn-opengl-golang v0.0.0-20181216154452-4076c38cd53a h1:3y8POZxgKxzKVp4uKVYx0BixFmZN4LbHBbVKsM7/CQc=
github.com/raedatoui/learn-opengl-golang v0.0.0-20181216154452-4076c38cd53a/go.mod h1:438wRXktQ7eihr7bI9iJl8xoGJXoPtVDxmGA0tzPhqY=
golang.org/x/image v0.0.0-20190321063152-3fc05d484e9f h1:FO4MZ3N56GnxbqxGKqh+YTzUWQ2sDwtFQEZgLOxh9Jc=
golang.org/x/image v0.0.0-20190321063152-3fc05d484e9f/go.mod h1:kZ7UVZpmo3dzQBMxlp+ypCbDeSB+sBbTgSJuh5dn5js=
golang.org/x/image v0.0.0-20210220032944-ac19c3e999fb h1:fqpd0EBDzlHRCjiphRR5Zo/RSWWQlWv34418dnEixWk=
golang.org/x/image v0.0.0-20210220032944-ac19c3e999fb/go.mod h1:FeLwcggjj3mMvU+oOTbSwawSJRM1uh48EjtB4UJZlP0=
golang.org/x/text v0.3.0/go.mod h1:NqM8EUOU14njkJ3fqMW+pc6Ldnwhi/IjpwHt7yyuwOQ=
